
Microsoft Visual Studio Solution File, Format Version 10.00
# Visual Studio 2008
Project("{6989167D-11E4-40FE-8C1A-2192A86A7E90}") = "Trade Analysis", "Trade Analysis\Trade Analysis.vfproj", "{DB111FD8-D01E-4027-85F8-99DE1EDCD4CA}"
EndProject
Global
	GlobalSection(SolutionConfigurationPlatforms) = preSolution
		Debug|Win32 = Debug|Win32
		Release|Win32 = Release|Win32
	EndGlobalSection
	GlobalSection(ProjectConfigurationPlatforms) = postSolution
		{DB111FD8-D01E-4027-85F8-99DE1EDCD4CA}.Debug|Win32.ActiveCfg = Debug|Win32
		{DB111FD8-D01E-4027-85F8-99DE1EDCD4CA}.Debug|Win32.Build.0 = Debug|Win32
		{DB111FD8-D01E-4027-85F8-99DE1EDCD4CA}.Release|Win32.ActiveCfg = Release|Win32
		{DB111FD8-D01E-4027-85F8-99DE1EDCD4CA}.Release|Win32.Build.0 = Release|Win32
	EndGlobalSection
	GlobalSection(SolutionProperties) = preSolution
		HideSolutionNode = FALSE
	EndGlobalSection
EndGlobal
