
Microsoft Visual Studio Solution File, Format Version 10.00
# Visual Studio 2008
Project("{6989167D-11E4-40FE-8C1A-2192A86A7E90}") = "Pareto Front Sort", "Pareto Front Sort\Pareto Front Sort.vfproj", "{31E89A46-1B7B-4331-B4B9-457B257903F6}"
EndProject
Global
	GlobalSection(SolutionConfigurationPlatforms) = preSolution
		Debug|Win32 = Debug|Win32
		Release|Win32 = Release|Win32
	EndGlobalSection
	GlobalSection(ProjectConfigurationPlatforms) = postSolution
		{31E89A46-1B7B-4331-B4B9-457B257903F6}.Debug|Win32.ActiveCfg = Debug|Win32
		{31E89A46-1B7B-4331-B4B9-457B257903F6}.Debug|Win32.Build.0 = Debug|Win32
		{31E89A46-1B7B-4331-B4B9-457B257903F6}.Release|Win32.ActiveCfg = Release|Win32
		{31E89A46-1B7B-4331-B4B9-457B257903F6}.Release|Win32.Build.0 = Release|Win32
	EndGlobalSection
	GlobalSection(SolutionProperties) = preSolution
		HideSolutionNode = FALSE
	EndGlobalSection
EndGlobal
