
Microsoft Visual Studio Solution File, Format Version 10.00
# Visual Studio 2008
Project("{6989167D-11E4-40FE-8C1A-2192A86A7E90}") = "Trade Quantity Comparison", "Trade Quantity Comparison\Trade Quantity Comparison.vfproj", "{EF053283-536B-4ACB-83C7-84210652CD30}"
EndProject
Global
	GlobalSection(SolutionConfigurationPlatforms) = preSolution
		Debug|Win32 = Debug|Win32
		Release|Win32 = Release|Win32
	EndGlobalSection
	GlobalSection(ProjectConfigurationPlatforms) = postSolution
		{EF053283-536B-4ACB-83C7-84210652CD30}.Debug|Win32.ActiveCfg = Debug|Win32
		{EF053283-536B-4ACB-83C7-84210652CD30}.Debug|Win32.Build.0 = Debug|Win32
		{EF053283-536B-4ACB-83C7-84210652CD30}.Release|Win32.ActiveCfg = Release|Win32
		{EF053283-536B-4ACB-83C7-84210652CD30}.Release|Win32.Build.0 = Release|Win32
	EndGlobalSection
	GlobalSection(SolutionProperties) = preSolution
		HideSolutionNode = FALSE
	EndGlobalSection
EndGlobal
